#MicroXplorer Configuration settings - do not modify
PA11.GPIO_Speed=GPIO_SPEED_FREQ_VERY_HIGH
SH.FMC_D7_DA7.0=FMC_D7,8b-d1
PE3.GPIO_Speed_High_Default=GPIO_SPEED_FREQ_HIGH
PB13.GPIOParameters=GPIO_Speed,GPIO_PuPd
SH.FMC_D0_DA0.ConfNb=1
PC7.GPIOParameters=GPIO_PuPd,GPIO_Speed_High_Default,GPIO_Mode
SH.FMC_A8.ConfNb=1
SH.FMC_A4.ConfNb=1
SH.FMC_A0.ConfNb=1
SH.FMC_D6_DA6.ConfNb=1
VP_TIM17_VS_ClockSourceINT.Mode=Enable_Timer
SH.FMC_A0.0=FMC_A0,21b-a1
FDCAN2.DataPrescaler=32
PD11.GPIO_Speed_High_Default=GPIO_SPEED_FREQ_HIGH
SH.ADCx_INP10.0=ADC1_INP10,IN10-Single-Ended
PG4.Signal=FMC_A14_BA0
PB14.GPIO_Label=LD3
PG0.Signal=FMC_A10
PG3.GPIOParameters=GPIO_Speed_High_Default
FDCAN2.RxFifo0ElmtsNbr=4
PD8.Locked=true
DAC1.IPParameters=DAC_Channel-DAC_OUT2
RCC.RTCFreq_Value=32000
PA3.GPIOParameters=GPIO_Label
PE8.GPIO_Speed_High_Default=GPIO_SPEED_FREQ_HIGH
TIM8.Channel-PWM\ Generation4\ CH4=TIM_CHANNEL_4
RCC.CpuClockFreq_Value=480000000
SH.ADCx_INP5.0=ADC1_INP5,IN5-Single-Ended
SH.FMC_D5_DA5.0=FMC_D5,8b-d1
PB13.Signal=FDCAN2_TX
VP_TIM8_VS_ClockSourceINT.Signal=TIM8_VS_ClockSourceINT
SH.FMC_A19.0=FMC_A19,21b-a1
SH.FMC_NOE.ConfNb=1
PG2.GPIOParameters=GPIO_Speed_High_Default
PinOutPanel.RotationAngle=0
SH.FMC_NWE.0=FMC_NWE,Sram1
RCC.MCO1PinFreq_Value=64000000
RCC.SYSCLKSource=RCC_SYSCLKSOURCE_PLLCLK
RCC.AHB4Freq_Value=60000000
SH.GPXTI13.0=GPIO_EXTI13
SH.FMC_A15_BA1.0=FMC_A15,21b-a1
USART3.VirtualMode-Asynchronous=VM_ASYNC
RCC.LPTIM1Freq_Value=60000000
NVIC.SVCall_IRQn=true\:0\:0\:false\:false\:true\:false\:false
PD0.GPIO_Speed_High_Default=GPIO_SPEED_FREQ_HIGH
SH.FMC_A12.ConfNb=1
USART3.BaudRate=2000000
PD15.GPIOParameters=GPIO_Speed_High_Default
SH.S_TIM3_CH2.ConfNb=1
TIM8.Pulse-PWM\ Generation4\ CH4=1
PD5.GPIO_Speed_High_Default=GPIO_SPEED_FREQ_HIGH
RCC.I2C4Freq_Value=60000000
PD4.Signal=FMC_NOE
ADC1.Channel-2\#ChannelRegularConversion=ADC_CHANNEL_5
PC7.Signal=FMC_NE1
RCC.DIVQ3Freq_Value=16125000
PD0.Signal=FMC_D2_DA2
PD8.Signal=USART3_TX
TIM17.IPParameters=Prescaler,Period,RepetitionCounter
PG0.GPIO_Speed_High_Default=GPIO_SPEED_FREQ_HIGH
PB13.Locked=true
PG5.GPIO_Speed_High_Default=GPIO_SPEED_FREQ_HIGH
VP_TIM8_VS_OPM.Signal=TIM8_VS_OPM
NVIC.EXTI15_10_IRQn=true\:1\:0\:true\:false\:true\:true\:true
ProjectManager.ProjectBuild=false
SH.FMC_A18.0=FMC_A18,21b-a1
NVIC.UsageFault_IRQn=true\:0\:0\:false\:false\:true\:false\:false
PA0.Locked=true
NVIC.TIM8_TRG_COM_TIM14_IRQn=true\:8\:0\:true\:false\:true\:true\:true
RCC.DIVM2=4
PD1.GPIOParameters=GPIO_Speed_High_Default
RCC.DIVM1=1
TIM15.Period=3000
PG1.GPIOParameters=GPIO_Speed_High_Default
ProjectManager.FirmwarePackage=STM32Cube FW_H7 V1.8.0
MxDb.Version=DB.6.0.10
PB0.GPIOParameters=GPIO_Label
PE0.GPIOParameters=GPIO_Label
ProjectManager.BackupPrevious=false
FMC.DataSetupTime1=5
RCC.FMCFreq_Value=60000000
PE9.Signal=FMC_D6_DA6
SH.FMC_A2.0=FMC_A2,21b-a1
FDCAN1.NominalPrescaler=32
RCC.USART16Freq_Value=60000000
PF13.GPIO_Speed_High_Default=GPIO_SPEED_FREQ_HIGH
FDCAN2.NominalSyncJumpWidth=4
PE2.Signal=GPIO_Output
SH.FMC_D1_DA1.0=FMC_D1,8b-d1
PG4.GPIO_Speed_High_Default=GPIO_SPEED_FREQ_HIGH
NVIC.PendSV_IRQn=true\:6\:0\:true\:false\:true\:false\:false
PF3.Signal=FMC_A3
RCC.DIVR2Freq_Value=128000000
PE10.Signal=FMC_D7_DA7
VP_TIM15_VS_ClockSourceINT.Signal=TIM15_VS_ClockSourceINT
PF1.GPIO_Speed_High_Default=GPIO_SPEED_FREQ_HIGH
ProjectManager.HalAssertFull=false
ADC1.SamplingTime-0\#ChannelRegularConversion=ADC_SAMPLETIME_810CYCLES_5
RCC.DIVP2Freq_Value=128000000
PA0.Signal=GPIO_Output
RCC.MCO2PinFreq_Value=480000000
PC8.GPIOParameters=GPIO_ModeDefaultPP,GPIO_PuPd,GPIO_Label
Mcu.Package=LQFP144
PB1.Signal=ADCx_INP5
TIM8.Channel-PWM\ Generation3\ CH3=TIM_CHANNEL_3
SH.S_TIM8_CH4.0=TIM8_CH4,PWM Generation4 CH4
ADC1.OversamplingMode=DISABLE
PG5.GPIOParameters=GPIO_Speed_High_Default
PE10.GPIOParameters=GPIO_Speed_High_Default
PD12.Signal=FMC_A17_ALE
PC7.GPIO_Speed_High_Default=GPIO_SPEED_FREQ_HIGH
TIM8.Pulse-PWM\ Generation3\ CH3=1
PD5.GPIOParameters=GPIO_Speed_High_Default
VP_SYS_VS_Systick.Signal=SYS_VS_Systick
SH.FMC_A11.ConfNb=1
USART3.IPParameters=VirtualMode-Asynchronous,BaudRate
RCC.DFSDMFreq_Value=60000000
PB14.GPIOParameters=GPIO_Label
SH.FMC_A1.0=FMC_A1,21b-a1
RCC.TraceFreq_Value=64000000
RCC.APB4Freq_Value=60000000
FDCAN1.DataTimeSeg2=16
RCC.CECFreq_Value=32000
RCC.SAI23Freq_Value=240000000
PF14.Signal=FMC_A8
FDCAN1.DataTimeSeg1=16
RCC.FDCANCLockSelection=RCC_FDCANCLKSOURCE_PLL2
NVIC.BusFault_IRQn=true\:0\:0\:false\:false\:true\:false\:false
RCC.LPUART1Freq_Value=60000000
TIM3.Pulse-PWM\ Generation2\ CH2=1
PB13.Mode=FDCAN_Activate
VP_TIM14_VS_ClockSourceINT.Mode=Enable_Timer
TIM16.Prescaler=600
TIM14.IPParameters=Prescaler,Period,AutoReloadPreload
PA12.GPIO_PuPd=GPIO_PULLUP
NVIC.TIM15_IRQn=true\:9\:0\:true\:false\:true\:true\:true
PH0-OSC_IN\ (PH0).Mode=HSE-External-Clock-Source
ADC1.EOCSelection=ADC_EOC_SINGLE_CONV
PD15.Signal=FMC_D1_DA1
SH.FMC_D3_DA3.0=FMC_D3,8b-d1
ProjectManager.CustomerFirmwarePackage=
SH.ADCx_INP10.ConfNb=1
PF4.GPIOParameters=GPIO_Speed_High_Default
RCC.VCO3OutputFreq_Value=32250000
PE7.GPIO_Speed_High_Default=GPIO_SPEED_FREQ_HIGH
SH.FMC_D3_DA3.ConfNb=1
SH.S_TIM8_CH3.0=TIM8_CH3,PWM Generation3 CH3
SH.GPXTI10.0=GPIO_EXTI10
SH.FMC_A4.0=FMC_A4,21b-a1
SH.FMC_A7.ConfNb=1
ProjectManager.ProjectFileName=rtb-software.ioc
SH.FMC_A5.ConfNb=1
SH.FMC_A1.ConfNb=1
RCC.DIVQ2=4
RCC.DIVQ1=4
ADC1.Rank-0\#ChannelRegularConversion=1
DAC1.DAC_Channel-DAC_OUT2=DAC_CHANNEL_2
SH.FMC_A20.ConfNb=1
Mcu.PinsNb=65
PD1.GPIO_Speed_High_Default=GPIO_SPEED_FREQ_HIGH
ADC1.IPParameters=Rank-0\#ChannelRegularConversion,Channel-0\#ChannelRegularConversion,SamplingTime-0\#ChannelRegularConversion,OffsetNumber-0\#ChannelRegularConversion,OffsetSignedSaturation-0\#ChannelRegularConversion,NbrOfConversionFlag,Resolution,ClockPrescaler,Rank-1\#ChannelRegularConversion,Channel-1\#ChannelRegularConversion,SamplingTime-1\#ChannelRegularConversion,OffsetNumber-1\#ChannelRegularConversion,OffsetSignedSaturation-1\#ChannelRegularConversion,NbrOfConversion,ContinuousConvMode,LeftBitShift,EnableAnalogWatchDog1,EOCSelection,Overrun,DiscontinuousConvMode,OversamplingMode,master,Rank-2\#ChannelRegularConversion,Channel-2\#ChannelRegularConversion,SamplingTime-2\#ChannelRegularConversion,OffsetNumber-2\#ChannelRegularConversion,OffsetSignedSaturation-2\#ChannelRegularConversion
PC13.Locked=true
FMC.WriteFifo3=FMC_WRITE_FIFO_DISABLE
PG5.Signal=FMC_A15_BA1
ADC1.OffsetNumber-0\#ChannelRegularConversion=ADC_OFFSET_NONE
FMC.WriteFifo4=FMC_WRITE_FIFO_DISABLE
FMC.WriteFifo1=FMC_WRITE_FIFO_DISABLE
PC13.Signal=GPXTI13
PE9.GPIO_Speed_High_Default=GPIO_SPEED_FREQ_HIGH
FMC.WriteFifo2=FMC_WRITE_FIFO_DISABLE
RCC.SWPMI1Freq_Value=60000000
PD13.GPIOParameters=GPIO_Speed_High_Default
PD7.Signal=GPIO_Output
PD1.Signal=FMC_D3_DA3
VP_TIM16_VS_ClockSourceINT.Mode=Enable_Timer
NVIC.TIM16_IRQn=true\:8\:0\:true\:false\:true\:true\:true
PC0.Signal=ADCx_INP10
PB14.Locked=true
PG1.GPIO_Speed_High_Default=GPIO_SPEED_FREQ_HIGH
SH.FMC_NOE.0=FMC_NOE,Sram1
RCC.QSPIFreq_Value=60000000
SH.FMC_A16_CLE.ConfNb=1
Mcu.Pin62=VP_TIM15_VS_ClockSourceINT
Mcu.Pin63=VP_TIM16_VS_ClockSourceINT
VP_TIM17_VS_ClockSourceINT.Signal=TIM17_VS_ClockSourceINT
Mcu.Pin60=VP_TIM14_VS_ClockSourceINT
Mcu.Pin61=VP_TIM14_VS_OPM
Mcu.Pin64=VP_TIM17_VS_ClockSourceINT
NVIC.FDCAN2_IT0_IRQn=true\:1\:0\:true\:false\:true\:true\:true
FDCAN2.NominalTimeSeg1=16
RCC.D1CPREFreq_Value=480000000
FDCAN2.NominalTimeSeg2=16
SH.FMC_A3.0=FMC_A3,21b-a1
FMC.AddressSetupTime1=5
RCC.USART234578Freq_Value=60000000
PA11.Locked=true
RCC.Tim1OutputFreq_Value=60000000
Mcu.Pin59=VP_TIM8_VS_OPM
PC8.GPIO_ModeDefaultPP=GPIO_MODE_AF_OD
Mcu.Pin57=VP_TIM3_VS_OPM
RCC.SPI123Freq_Value=240000000
Mcu.Pin58=VP_TIM8_VS_ClockSourceINT
Mcu.Pin51=PD4
Mcu.Pin52=PD5
SH.COMP_DAC11_group.0=DAC1_OUT1,DAC_OUT1
Mcu.Pin50=PD1
Mcu.Pin55=PE0
Mcu.Pin56=VP_SYS_VS_Systick
Mcu.Pin53=PD7
Mcu.Pin54=PB7
RCC.DIVN2=128
RCC.DIVN1=120
PB13.GPIO_Speed=GPIO_SPEED_FREQ_VERY_HIGH
FDCAN2.NominalPrescaler=32
VP_TIM8_VS_ClockSourceINT.Mode=Internal
PF5.GPIO_Speed_High_Default=GPIO_SPEED_FREQ_HIGH
PC7.GPIO_PuPd=GPIO_NOPULL
PD7.Locked=true
PD8.Mode=Asynchronous
Mcu.Pin48=PC10
Mcu.Pin49=PD0
Mcu.Pin46=PA11
ADC1.OffsetSignedSaturation-0\#ChannelRegularConversion=DISABLE
Mcu.Pin47=PA12
PF3.GPIOParameters=GPIO_Speed_High_Default
SH.ADCx_INP5.ConfNb=1
SH.S_TIM8_CH4.ConfNb=1
PB14.Signal=GPIO_Output
PA5.Signal=COMP_DAC12_group
Mcu.Pin40=PG3
PD7.PinState=GPIO_PIN_SET
Mcu.Pin41=PG4
Mcu.Pin44=PC8
Mcu.Pin45=PC9
Mcu.Pin42=PG5
Mcu.Pin43=PC7
ProjectManager.LastFirmware=true
PD14.GPIO_Speed_High_Default=GPIO_SPEED_FREQ_HIGH
PA7.GPIO_Speed=GPIO_SPEED_FREQ_HIGH
PF2.GPIOParameters=GPIO_Speed_High_Default
PB13.GPIO_PuPd=GPIO_PULLUP
FDCAN1.AutoRetransmission=ENABLE
SH.FMC_A6.0=FMC_A6,21b-a1
RCC.AHB12Freq_Value=60000000
PD4.GPIO_Speed_High_Default=GPIO_SPEED_FREQ_HIGH
Mcu.Pin37=PD14
Mcu.Pin38=PD15
Mcu.Pin35=PD12
PE8.Signal=FMC_D5_DA5
Mcu.Pin36=PD13
Mcu.Pin39=PG2
RCC.RNGFreq_Value=48000000
Mcu.Pin30=PB13
Mcu.Pin33=PD9
PC9.GPIO_PuPd=GPIO_NOPULL
TIM3.IPParameters=Prescaler,Period,OCPolarity_2,Channel-PWM Generation2 CH2,CounterMode,Pulse-PWM Generation2 CH2
Mcu.Pin34=PD11
Mcu.Pin31=PB14
Mcu.Pin32=PD8
VP_TIM16_VS_ClockSourceINT.Signal=TIM16_VS_ClockSourceINT
NVIC.NonMaskableInt_IRQn=true\:0\:0\:false\:false\:true\:false\:false
PF13.Signal=FMC_A7
PC10.GPIOParameters=GPIO_Label,GPIO_ModeDefaultEXTI
ProjectManager.FreePins=false
PC9.GPIOParameters=GPIO_ModeDefaultPP,GPIO_PuPd,GPIO_Label
RCC.LPTIM2Freq_Value=60000000
PF14.GPIO_Speed_High_Default=GPIO_SPEED_FREQ_HIGH
Mcu.Pin26=PE8
Mcu.Pin27=PE9
TIM14.Prescaler=6000
Mcu.Pin24=PG1
ProjectManager.UnderRoot=true
Mcu.Pin25=PE7
TIM8.Period=600
Mcu.Pin28=PE10
TIM8.OCPolarity_4=TIM_OCPOLARITY_HIGH
Mcu.Pin29=PB12
TIM8.OCPolarity_3=TIM_OCPOLARITY_HIGH
SH.FMC_D7_DA7.ConfNb=1
PC8.GPIO_PuPd=GPIO_NOPULL
FDCAN1.DataPrescaler=32
PA4.Signal=COMP_DAC11_group
PD14.GPIOParameters=GPIO_Speed_High_Default
ADC1.SamplingTime-1\#ChannelRegularConversion=ADC_SAMPLETIME_810CYCLES_5
FDCAN1.NominalSyncJumpWidth=4
Mcu.Pin22=PF15
Mcu.Pin23=PG0
Mcu.Pin20=PF13
ADC1.master=1
PA3.Locked=true
Mcu.Pin21=PF14
NVIC.ForceEnableDMAVector=true
TIM8.OCIdleState_4=TIM_OCIDLESTATE_SET
PD11.Signal=FMC_A16_CLE
NVIC.MemoryManagement_IRQn=true\:0\:0\:false\:false\:true\:false\:false
SH.FMC_A10.ConfNb=1
ProjectManager.CompilerOptimize=6
ADC1.Rank-1\#ChannelRegularConversion=2
SH.FMC_A5.0=FMC_A5,21b-a1
PA11.Signal=FDCAN1_RX
ProjectManager.HeapSize=0x200
PA0.GPIOParameters=GPIO_Label
Mcu.Pin15=PA5
NVIC.HardFault_IRQn=true\:0\:0\:false\:false\:true\:false\:false
Mcu.Pin16=PA7
SH.FMC_A20.0=FMC_A20,21b-a1
Mcu.Pin13=PA3
Mcu.Pin14=PA4
Mcu.Pin19=PF12
RCC.LPTIM345Freq_Value=60000000
ProjectManager.ComputerToolchain=false
Mcu.Pin17=PB0
Mcu.Pin18=PB1
NVIC.TIM8_UP_TIM13_IRQn=true\:9\:0\:true\:false\:true\:true\:true
RCC.LTDCFreq_Value=16125000
TIM8.OCIdleState_3=TIM_OCIDLESTATE_SET
NVIC.PriorityGroup=NVIC_PRIORITYGROUP_4
FDCAN2.TxFifoQueueElmtsNbr=2
Mcu.Pin11=PC0
TIM3.Channel-PWM\ Generation2\ CH2=TIM_CHANNEL_2
Mcu.Pin12=PA0
PG0.GPIOParameters=GPIO_Speed_High_Default
PD0.GPIOParameters=GPIO_Speed_High_Default
Mcu.Pin10=PH0-OSC_IN (PH0)
SH.GPXTI10.ConfNb=1
PE3.Signal=FMC_A19
PE2.Locked=true
VP_TIM14_VS_OPM.Signal=TIM14_VS_OPM
PF4.Signal=FMC_A4
RCC.HCLK3ClockFreq_Value=60000000
PB12.GPIO_PuPd=GPIO_PULLUP
PB0.Signal=GPIO_Output
PA7.GPIOParameters=GPIO_Speed,GPIO_Label
PC0.Locked=true
PB12.GPIOParameters=GPIO_Speed,GPIO_PuPd
PD7.GPIOParameters=PinState,GPIO_Label,GPIO_ModeDefaultOutputPP
TIM8.CounterMode=TIM_COUNTERMODE_UP
PF2.GPIO_Speed_High_Default=GPIO_SPEED_FREQ_HIGH
Mcu.Family=STM32H7
NVIC.USART3_IRQn=true\:1\:0\:true\:false\:true\:true\:true
FMC.IPParameters=WriteOperation1,WriteFifo1,WriteFifo2,WriteFifo3,WriteFifo4,AddressSetupTime1,BusTurnAroundDuration1,DataSetupTime1
FDCAN2.DataSyncJumpWidth=4
RCC.DIVQ2Freq_Value=64000000
ProjectManager.MainLocation=Core/Src
SH.FMC_A6.ConfNb=1
SH.FMC_A8.0=FMC_A8,21b-a1
ADC1.OffsetSignedSaturation-1\#ChannelRegularConversion=DISABLE
RCC.SAI1Freq_Value=240000000
TIM17.Prescaler=600
RCC.CortexFreq_Value=480000000
SH.FMC_A2.ConfNb=1
ProjectManager.KeepUserCode=true
Mcu.UserName=STM32H743ZITx
ADC1.Overrun=ADC_OVR_DATA_PRESERVED
TIM14.AutoReloadPreload=TIM_AUTORELOAD_PRELOAD_ENABLE
ADC1.ContinuousConvMode=DISABLE
RCC.HPRE=RCC_HCLK_DIV8
FDCAN1.DataSyncJumpWidth=4
PF4.GPIO_Speed_High_Default=GPIO_SPEED_FREQ_HIGH
VP_TIM3_VS_OPM.Mode=OPM_bit
PH0-OSC_IN\ (PH0).Signal=RCC_OSC_IN
PG2.Signal=FMC_A12
SH.COMP_DAC12_group.0=DAC1_OUT2,DAC_OUT2
PC10.Locked=true
PC9.GPIO_ModeDefaultPP=GPIO_MODE_AF_OD
PC10.Signal=GPXTI10
PF0.GPIOParameters=GPIO_Speed_High_Default
PA0.GPIO_Label=SR_SRCLK
PA12.GPIOParameters=GPIO_Speed,GPIO_PuPd
ProjectManager.functionlistsort=1-MX_GPIO_Init-GPIO-false-HAL-true,2-SystemClock_Config-RCC-false-HAL-false,3-MX_ADC1_Init-ADC1-false-HAL-true,4-MX_DAC1_Init-DAC1-false-HAL-true,5-MX_FDCAN1_Init-FDCAN1-false-HAL-true,6-MX_FDCAN2_Init-FDCAN2-false-HAL-true,7-MX_USART3_UART_Init-USART3-false-LL-true,8-MX_TIM16_Init-TIM16-false-HAL-true,9-MX_TIM17_Init-TIM17-false-HAL-true,10-MX_TIM3_Init-TIM3-false-HAL-true,11-MX_TIM15_Init-TIM15-false-HAL-true,12-MX_FMC_Init-FMC-false-HAL-true,13-MX_TIM8_Init-TIM8-false-HAL-true,14-MX_TIM14_Init-TIM14-false-HAL-true,0-MX_CORTEX_M7_Init-CORTEX_M7-false-HAL-true
PC0.GPIOParameters=GPIO_Label
PA11.GPIOParameters=GPIO_Speed,GPIO_PuPd
PC0.GPIO_Label=A1
SH.FMC_D6_DA6.0=FMC_D6,8b-d1
PA11.Mode=FDCAN_Activate
PC9.Locked=true
PB0.GPIO_Label=LD1
VP_TIM8_VS_OPM.Mode=OPM_bit
SH.FMC_A14_BA0.0=FMC_A14,21b-a1
RCC.VCO2OutputFreq_Value=256000000
PA11.GPIO_PuPd=GPIO_PULLUP
SH.FMC_A11.0=FMC_A11,21b-a1
NVIC.FDCAN2_IT1_IRQn=true\:1\:0\:true\:false\:true\:true\:true
FMC.WriteOperation1=FMC_WRITE_OPERATION_ENABLE
PD9.Mode=Asynchronous
PF12.GPIOParameters=GPIO_Speed_High_Default
ProjectManager.StackSize=0x400
RCC.VCOInput3Freq_Value=250000
PD13.Signal=FMC_A18
Mcu.IP4=FDCAN2
Mcu.IP5=FMC
Mcu.IP2=DAC1
NVIC.ADC_IRQn=true\:8\:0\:true\:false\:true\:true\:true
Mcu.IP3=FDCAN1
Mcu.IP0=ADC1
SH.FMC_A7.0=FMC_A7,21b-a1
PA12.Locked=true
Mcu.IP1=CORTEX_M7
PA12.Signal=FDCAN1_TX
PE4.GPIOParameters=GPIO_Speed_High_Default
Mcu.UserConstants=
PF1.GPIOParameters=GPIO_Speed_High_Default
RCC.DIVP3Freq_Value=16125000
RCC.SDMMCFreq_Value=240000000
TIM15.Prescaler=60000
SH.GPXTI13.ConfNb=1
Mcu.ThirdPartyNb=0
NVIC.TIM17_IRQn=true\:10\:0\:true\:false\:true\:true\:true
RCC.HCLKFreq_Value=60000000
Mcu.IPNb=16
ADC1.Resolution=ADC_RESOLUTION_16B
ProjectManager.PreviousToolchain=SW4STM32
ADC1.LeftBitShift=ADC_LEFTBITSHIFT_NONE
TIM3.Period=100
SH.COMP_DAC12_group.ConfNb=1
SH.FMC_NWE.ConfNb=1
RCC.SPDIFRXFreq_Value=240000000
PF12.Signal=FMC_A6
Mcu.Pin6=PF2
Mcu.Pin7=PF3
Mcu.Pin8=PF4
Mcu.Pin9=PF5
SH.FMC_A10.0=FMC_A10,21b-a1
PF15.GPIO_Speed_High_Default=GPIO_SPEED_FREQ_HIGH
Mcu.Pin0=PE2
Mcu.Pin1=PE3
TIM8.IPParameters=Channel-PWM Generation3 CH3,Channel-PWM Generation4 CH4,Prescaler,Pulse-PWM Generation3 CH3,Pulse-PWM Generation4 CH4,OCIdleState_3,OCIdleState_4,Period,OCPolarity_3,OCPolarity_4,OCMode_PWM-PWM Generation4 CH4,CounterMode
GPIO.groupedBy=Group By Peripherals
Mcu.Pin2=PE4
RCC.HRTIMFreq_Value=60000000
Mcu.Pin3=PC13
Mcu.Pin4=PF0
Mcu.Pin5=PF1
ADC1.Channel-0\#ChannelRegularConversion=ADC_CHANNEL_15
RCC.DIVR3Freq_Value=16125000
RCC.HSE_VALUE=8000000
NVIC.DebugMonitor_IRQn=true\:0\:0\:false\:false\:true\:false\:false
SH.FMC_A14_BA0.ConfNb=1
Mcu.IP10=TIM8
TIM14.Period=100
FDCAN1.Mode=FDCAN_MODE_NORMAL
NVIC.SysTick_IRQn=true\:0\:0\:false\:false\:true\:false\:true
Mcu.IP12=TIM15
Mcu.IP11=TIM14
PC10.GPIO_ModeDefaultEXTI=GPIO_MODE_IT_FALLING
SH.FMC_D2_DA2.0=FMC_D2,8b-d1
TIM17.Period=1000
TIM8.OCMode_PWM-PWM\ Generation4\ CH4=TIM_OCMODE_PWM1
ADC1.Rank-2\#ChannelRegularConversion=3
RCC.DIVP1Freq_Value=480000000
Mcu.IP14=TIM17
FMC.BusTurnAroundDuration1=5
Mcu.IP13=TIM16
Mcu.IP15=USART3
TIM3.Prescaler=600
File.Version=6
PC7.GPIO_Mode=GPIO_MODE_AF_PP
PE3.GPIOParameters=GPIO_Speed_High_Default
SH.FMC_D5_DA5.ConfNb=1
SH.FMC_D2_DA2.ConfNb=1
PB7.Signal=GPIO_Output
TIM16.RepetitionCounter=100
PE4.Signal=FMC_A20
NVIC.FDCAN1_IT1_IRQn=true\:1\:0\:true\:false\:true\:true\:true
FDCAN1.TxFifoQueueMode=FDCAN_TX_FIFO_OPERATION
PB0.Locked=true
FDCAN1.NominalTimeSeg2=16
FDCAN1.NominalTimeSeg1=16
ProjectManager.ProjectName=rtb-software
SH.S_TIM8_CH3.ConfNb=1
PD7.GPIO_Label=RELAY
RCC.APB3Freq_Value=60000000
TIM3.OCPolarity_2=TIM_OCPOLARITY_LOW
PB7.GPIO_Label=LD2
PB12.Mode=FDCAN_Activate
SH.FMC_A13.0=FMC_A13,21b-a1
PA7.Locked=true
SH.FMC_D0_DA0.0=FMC_D0,8b-d1
PG2.GPIO_Speed_High_Default=GPIO_SPEED_FREQ_HIGH
SH.ADCx_INP15.ConfNb=1
SH.FMC_D4_DA4.ConfNb=1
FDCAN1.RxFifo0ElmtsNbr=4
ProjectManager.ToolChainLocation=
PF3.GPIO_Speed_High_Default=GPIO_SPEED_FREQ_HIGH
SH.FMC_A9.0=FMC_A9,21b-a1
VP_TIM3_VS_OPM.Signal=TIM3_VS_OPM
ADC1.OffsetNumber-1\#ChannelRegularConversion=ADC_OFFSET_NONE
SH.FMC_D4_DA4.0=FMC_D4,8b-d1
RCC.DIVR1Freq_Value=480000000
PE0.GPIO_Label=SR_RCLK
PF5.Signal=FMC_A5
TIM8.Prescaler=60
SH.ADCx_INP15.0=ADC1_INP15,IN15-Single-Ended
PF0.Signal=FMC_A0
PE7.Signal=FMC_D4_DA4
SH.COMP_DAC11_group.ConfNb=1
PF15.GPIOParameters=GPIO_Speed_High_Default
PD13.GPIO_Speed_High_Default=GPIO_SPEED_FREQ_HIGH
PE2.GPIO_Label=SR_SER
PA12.GPIO_Speed=GPIO_SPEED_FREQ_VERY_HIGH
RCC.Tim2OutputFreq_Value=60000000
RCC.DFSDMACLkFreq_Value=240000000
FDCAN2.RxFifo1ElmtsNbr=4
PA3.Signal=ADCx_INP15
NVIC.FDCAN1_IT0_IRQn=true\:1\:0\:true\:false\:true\:true\:true
SH.FMC_A12.0=FMC_A12,21b-a1
SH.FMC_A3.ConfNb=1
RCC.PLLSourceVirtual=RCC_PLLSOURCE_HSE
PE8.GPIOParameters=GPIO_Speed_High_Default
SH.FMC_A9.ConfNb=1
TIM3.CounterMode=TIM_COUNTERMODE_UP
PC10.GPIO_Label=LCL_OUT
VP_TIM14_VS_ClockSourceINT.Signal=TIM14_VS_ClockSourceINT
PC9.GPIO_Label=LCL_RESET
ProjectManager.NoMain=false
PG3.Signal=FMC_A13
PG1.Signal=FMC_A11
RCC.SAI4BFreq_Value=240000000
PD12.GPIO_Speed_High_Default=GPIO_SPEED_FREQ_HIGH
PC8.Signal=S_TIM8_CH3
ADC1.DiscontinuousConvMode=DISABLE
ProjectManager.DefaultFWLocation=true
PD5.Signal=FMC_NWE
PD9.Signal=USART3_RX
SH.FMC_A19.ConfNb=1
SH.FMC_A13.ConfNb=1
PB12.Locked=true
ProjectManager.DeletePrevious=true
FDCAN1.IPParameters=DataPrescaler,Mode,RxFifo0ElmtsNbr,TxFifoQueueMode,TxFifoQueueElmtsNbr,DataTimeSeg1,AutoRetransmission,NominalTimeSeg1,NominalTimeSeg2,DataTimeSeg2,NominalPrescaler,DataSyncJumpWidth,NominalSyncJumpWidth,RxFifo1ElmtsNbr
ADC1.SamplingTime-2\#ChannelRegularConversion=ADC_SAMPLETIME_810CYCLES_5
RCC.FamilyName=M
NVIC.FDCAN_CAL_IRQn=true\:0\:0\:false\:false\:true\:true\:true
PE9.GPIOParameters=GPIO_Speed_High_Default
RCC.SPI6Freq_Value=60000000
PC8.GPIO_Label=LCL_SET
SH.FMC_A15_BA1.ConfNb=1
RCC.SPI45Freq_Value=60000000
PD15.GPIO_Speed_High_Default=GPIO_SPEED_FREQ_HIGH
PD12.GPIOParameters=GPIO_Speed_High_Default
SH.FMC_A17_ALE.0=FMC_A17,21b-a1
ProjectManager.TargetToolchain=SW4STM32
PE4.GPIO_Speed_High_Default=GPIO_SPEED_FREQ_HIGH
PE7.GPIOParameters=GPIO_Speed_High_Default
RCC.VCO1OutputFreq_Value=960000000
SH.FMC_A16_CLE.0=FMC_A16,21b-a1
ADC1.OffsetSignedSaturation-2\#ChannelRegularConversion=DISABLE
SH.FMC_D1_DA1.ConfNb=1
PF0.GPIO_Speed_High_Default=GPIO_SPEED_FREQ_HIGH
PB7.GPIOParameters=GPIO_Label
FDCAN2.DataTimeSeg1=16
ADC1.Channel-1\#ChannelRegularConversion=ADC_CHANNEL_10
FDCAN2.DataTimeSeg2=16
RCC.AXIClockFreq_Value=60000000
PF2.Signal=FMC_A2
ADC1.EnableAnalogWatchDog1=false
PE2.GPIOParameters=GPIO_Label
ProjectManager.RegisterCallBack=
PE0.Locked=true
RCC.USBFreq_Value=240000000
PF5.GPIOParameters=GPIO_Speed_High_Default
TIM15.IPParameters=Prescaler,Period
RCC.CKPERFreq_Value=64000000
PB12.GPIO_Speed=GPIO_SPEED_FREQ_VERY_HIGH
PB1.Locked=true
PE10.GPIO_Speed_High_Default=GPIO_SPEED_FREQ_HIGH
SH.S_TIM3_CH2.0=TIM3_CH2,PWM Generation2 CH2
board=custom
PF14.GPIOParameters=GPIO_Speed_High_Default
PD11.GPIOParameters=GPIO_Speed_High_Default
RCC.VCOInput1Freq_Value=8000000
FDCAN2.IPParameters=DataPrescaler,RxFifo0ElmtsNbr,RxFifo1ElmtsNbr,NominalPrescaler,NominalSyncJumpWidth,NominalTimeSeg1,NominalTimeSeg2,DataSyncJumpWidth,DataTimeSeg1,DataTimeSeg2,TxFifoQueueElmtsNbr
TIM16.Period=50
RCC.APB2Freq_Value=60000000
FDCAN1.RxFifo1ElmtsNbr=4
MxCube.Version=6.1.2
PG4.GPIOParameters=GPIO_Speed_High_Default
PG3.GPIO_Speed_High_Default=GPIO_SPEED_FREQ_HIGH
RCC.FDCANFreq_Value=64000000
RCC.ADCFreq_Value=128000000
PD4.GPIOParameters=GPIO_Speed_High_Default
VP_SYS_VS_Systick.Mode=SysTick
PF15.Signal=FMC_A9
VP_TIM14_VS_OPM.Mode=OPM_bit
PF1.Signal=FMC_A1
ADC1.NbrOfConversion=3
ADC1.OffsetNumber-2\#ChannelRegularConversion=ADC_OFFSET_NONE
RCC.IPParameters=ADCFreq_Value,AHB12Freq_Value,AHB4Freq_Value,APB1Freq_Value,APB2Freq_Value,APB3Freq_Value,APB4Freq_Value,AXIClockFreq_Value,CECFreq_Value,CKPERFreq_Value,CortexFreq_Value,CpuClockFreq_Value,D1CPREFreq_Value,DFSDMACLkFreq_Value,DFSDMFreq_Value,DIVM1,DIVM2,DIVN1,DIVN2,DIVP1Freq_Value,DIVP2Freq_Value,DIVP3Freq_Value,DIVQ1,DIVQ1Freq_Value,DIVQ2,DIVQ2Freq_Value,DIVQ3Freq_Value,DIVR1Freq_Value,DIVR2Freq_Value,DIVR3Freq_Value,FDCANCLockSelection,FDCANFreq_Value,FMCFreq_Value,FamilyName,HCLK3ClockFreq_Value,HCLKFreq_Value,HPRE,HRTIMFreq_Value,HSE_VALUE,I2C123Freq_Value,I2C4Freq_Value,LPTIM1Freq_Value,LPTIM2Freq_Value,LPTIM345Freq_Value,LPUART1Freq_Value,LTDCFreq_Value,MCO1PinFreq_Value,MCO2PinFreq_Value,PLLSourceVirtual,QSPIFreq_Value,RNGFreq_Value,RTCFreq_Value,SAI1Freq_Value,SAI23Freq_Value,SAI4AFreq_Value,SAI4BFreq_Value,SDMMCFreq_Value,SPDIFRXFreq_Value,SPI123Freq_Value,SPI45Freq_Value,SPI6Freq_Value,SWPMI1Freq_Value,SYSCLKFreq_VALUE,SYSCLKSource,Tim1OutputFreq_Value,Tim2OutputFreq_Value,TraceFreq_Value,USART16Freq_Value,USART234578Freq_Value,USBFreq_Value,VCO1OutputFreq_Value,VCO2OutputFreq_Value,VCO3OutputFreq_Value,VCOInput1Freq_Value,VCOInput2Freq_Value,VCOInput3Freq_Value
ProjectManager.AskForMigrate=true
Mcu.Name=STM32H743ZITx
PE0.Signal=GPIO_Output
Mcu.IP8=SYS
Mcu.IP9=TIM3
PD14.Signal=FMC_D0_DA0
Mcu.IP6=NVIC
Mcu.IP7=RCC
ProjectManager.CoupleFile=false
RCC.SYSCLKFreq_VALUE=480000000
RCC.I2C123Freq_Value=60000000
PA7.GPIO_Label=LCL_TEST
TIM17.RepetitionCounter=100
PA12.Mode=FDCAN_Activate
KeepUserPlacement=false
SH.FMC_A17_ALE.ConfNb=1
PF12.GPIO_Speed_High_Default=GPIO_SPEED_FREQ_HIGH
VP_TIM15_VS_ClockSourceINT.Mode=Internal
PF13.GPIOParameters=GPIO_Speed_High_Default
RCC.SAI4AFreq_Value=240000000
ADC1.NbrOfConversionFlag=1
PB7.Locked=true
RCC.DIVQ1Freq_Value=240000000
PC8.Locked=true
PC9.Signal=S_TIM8_CH4
TIM16.IPParameters=Prescaler,Period,RepetitionCounter
PC7.Mode=NorPsramChipSelect1_1
RCC.VCOInput2Freq_Value=2000000
PD9.Locked=true
RCC.APB1Freq_Value=60000000
SH.FMC_A18.ConfNb=1
ADC1.ClockPrescaler=ADC_CLOCK_ASYNC_DIV256
PD7.GPIO_ModeDefaultOutputPP=GPIO_MODE_OUTPUT_OD
FDCAN1.TxFifoQueueElmtsNbr=2
ProjectManager.DeviceId=STM32H743ZITx
PB12.Signal=FDCAN2_RX
ProjectManager.LibraryCopy=1
PA3.GPIO_Label=A0
PA7.Signal=S_TIM3_CH2
