#MicroXplorer Configuration settings - do not modify
Mcu.Family=STM32H7
NVIC.USART3_IRQn=true\:1\:0\:true\:false\:true\:true\:true
FDCAN2.DataSyncJumpWidth=4
RCC.DIVQ2Freq_Value=129000000
ProjectManager.MainLocation=Core/Src
PB13.GPIOParameters=GPIO_Speed,GPIO_PuPd
RCC.SAI1Freq_Value=64000000
TIM17.Prescaler=640
RCC.CortexFreq_Value=128000000
VP_TIM17_VS_ClockSourceINT.Mode=Enable_Timer
ProjectManager.KeepUserCode=true
Mcu.UserName=STM32H743ZITx
FDCAN2.DataPrescaler=32
RCC.HPRE=RCC_HCLK_DIV2
FDCAN1.DataSyncJumpWidth=4
SH.ADCx_INP10.0=ADC1_INP10,IN10-Single-Ended
SH.COMP_DAC12_group.0=DAC1_OUT2,DAC_OUT2
PB14.GPIO_Label=LD3
FDCAN2.RxFifo0ElmtsNbr=4
ProjectManager.functionlistsort=1-MX_GPIO_Init-GPIO-false-HAL-true,2-SystemClock_Config-RCC-false-HAL-false,3-MX_ADC1_Init-ADC1-false-HAL-true,4-MX_DAC1_Init-DAC1-false-HAL-true,5-MX_FDCAN1_Init-FDCAN1-false-HAL-true,6-MX_FDCAN2_Init-FDCAN2-false-HAL-true,7-MX_USART3_UART_Init-USART3-false-LL-true,8-MX_TIM16_Init-TIM16-false-HAL-true,9-MX_TIM17_Init-TIM17-false-HAL-true,0-MX_CORTEX_M7_Init-CORTEX_M7-false-HAL-true
PC0.GPIOParameters=GPIO_Label
PD8.Locked=true
PC0.GPIO_Label=A1
DAC1.IPParameters=DAC_Channel-DAC_OUT2
RCC.RTCFreq_Value=32000
PA3.GPIOParameters=GPIO_Label
RCC.CpuClockFreq_Value=128000000
RCC.VCO2OutputFreq_Value=258000000
NVIC.FDCAN2_IT1_IRQn=true\:1\:0\:true\:false\:true\:true\:true
PB13.Signal=FDCAN2_TX
PD9.Mode=Asynchronous
PinOutPanel.RotationAngle=0
RCC.MCO1PinFreq_Value=64000000
RCC.SYSCLKSource=RCC_SYSCLKSOURCE_PLLCLK
ProjectManager.StackSize=0x400
RCC.AHB4Freq_Value=64000000
SH.GPXTI13.0=GPIO_EXTI13
RCC.VCOInput3Freq_Value=2000000
USART3.VirtualMode-Asynchronous=VM_ASYNC
RCC.LPTIM1Freq_Value=64000000
Mcu.IP4=FDCAN2
Mcu.IP5=NVIC
Mcu.IP2=DAC1
NVIC.SVCall_IRQn=true\:0\:0\:false\:false\:true\:false\:false
NVIC.ADC_IRQn=true\:8\:0\:true\:false\:true\:true\:true
Mcu.IP3=FDCAN1
Mcu.IP0=ADC1
Mcu.IP1=CORTEX_M7
USART3.BaudRate=1000000
Mcu.UserConstants=
RCC.DIVP3Freq_Value=129000000
RCC.SDMMCFreq_Value=64000000
SH.GPXTI13.ConfNb=1
Mcu.ThirdPartyNb=0
NVIC.TIM17_IRQn=true\:10\:0\:true\:false\:true\:true\:true
RCC.HCLKFreq_Value=64000000
RCC.I2C4Freq_Value=64000000
Mcu.IPNb=11
ADC1.Resolution=ADC_RESOLUTION_12B
ProjectManager.PreviousToolchain=SW4STM32
SH.COMP_DAC12_group.ConfNb=1
RCC.SPDIFRXFreq_Value=64000000
RCC.DIVQ3Freq_Value=129000000
Mcu.Pin6=PB13
PD0.Signal=FDCAN1_RX
Mcu.Pin7=PB14
PD8.Signal=USART3_TX
TIM17.IPParameters=Prescaler,Period,RepetitionCounter
Mcu.Pin8=PD8
Mcu.Pin9=PD9
PB13.Locked=true
Mcu.Pin0=PC13
Mcu.Pin1=PC0
GPIO.groupedBy=Group By Peripherals
Mcu.Pin2=PA3
RCC.HRTIMFreq_Value=64000000
Mcu.Pin3=PA4
Mcu.Pin4=PA5
NVIC.EXTI15_10_IRQn=true\:1\:0\:true\:false\:true\:true\:true
Mcu.Pin5=PB12
ADC1.Channel-0\#ChannelRegularConversion=ADC_CHANNEL_15
ProjectManager.ProjectBuild=false
RCC.DIVR3Freq_Value=129000000
NVIC.UsageFault_IRQn=true\:0\:0\:false\:false\:true\:false\:false
NVIC.DebugMonitor_IRQn=true\:0\:0\:false\:false\:true\:false\:false
Mcu.IP10=USART3
PD1.GPIOParameters=GPIO_Speed,GPIO_PuPd
FDCAN1.Mode=FDCAN_MODE_NORMAL
NVIC.SysTick_IRQn=true\:0\:0\:false\:false\:true\:false\:true
TIM17.Period=1000
ProjectManager.FirmwarePackage=STM32Cube FW_H7 V1.8.0
MxDb.Version=DB.6.0.10
RCC.DIVP1Freq_Value=128000000
ProjectManager.BackupPrevious=false
RCC.FMCFreq_Value=64000000
PD1.GPIO_Speed=GPIO_SPEED_FREQ_VERY_HIGH
FDCAN1.NominalPrescaler=32
RCC.USART16Freq_Value=64000000
File.Version=6
FDCAN2.NominalSyncJumpWidth=4
PB7.Signal=GPIO_Output
TIM16.RepetitionCounter=100
NVIC.PendSV_IRQn=true\:6\:0\:true\:false\:true\:false\:false
RCC.DIVR2Freq_Value=129000000
NVIC.FDCAN1_IT1_IRQn=true\:1\:0\:true\:false\:true\:true\:true
FDCAN1.TxFifoQueueMode=FDCAN_TX_FIFO_OPERATION
ProjectManager.HalAssertFull=false
ADC1.SamplingTime-0\#ChannelRegularConversion=ADC_SAMPLETIME_1CYCLE_5
FDCAN1.NominalTimeSeg2=16
RCC.DIVP2Freq_Value=129000000
FDCAN1.NominalTimeSeg1=16
ProjectManager.ProjectName=rtb-software
PD7.GPIO_Label=RELAY
RCC.APB3Freq_Value=64000000
PB7.GPIO_Label=LD2
RCC.MCO2PinFreq_Value=128000000
Mcu.Package=LQFP144
PB12.Mode=FDCAN_Activate
SH.ADCx_INP15.ConfNb=1
FDCAN1.RxFifo0ElmtsNbr=4
ProjectManager.ToolChainLocation=
VP_SYS_VS_Systick.Signal=SYS_VS_Systick
USART3.IPParameters=VirtualMode-Asynchronous,BaudRate
RCC.DFSDMFreq_Value=64000000
RCC.DIVR1Freq_Value=128000000
PB14.GPIOParameters=GPIO_Label
RCC.TraceFreq_Value=64000000
RCC.APB4Freq_Value=64000000
FDCAN1.DataTimeSeg2=16
RCC.CECFreq_Value=32000
RCC.SAI23Freq_Value=64000000
FDCAN1.DataTimeSeg1=16
NVIC.BusFault_IRQn=true\:0\:0\:false\:false\:true\:false\:false
RCC.LPUART1Freq_Value=64000000
SH.ADCx_INP15.0=ADC1_INP15,IN15-Single-Ended
PB13.Mode=FDCAN_Activate
TIM16.Prescaler=640
SH.COMP_DAC11_group.ConfNb=1
ProjectManager.CustomerFirmwarePackage=
SH.ADCx_INP10.ConfNb=1
RCC.Tim2OutputFreq_Value=64000000
RCC.DFSDMACLkFreq_Value=64000000
FDCAN2.RxFifo1ElmtsNbr=4
RCC.VCO3OutputFreq_Value=258000000
PA3.Signal=ADCx_INP15
NVIC.FDCAN1_IT0_IRQn=true\:1\:0\:true\:false\:true\:true\:true
ProjectManager.ProjectFileName=rtb-software.ioc
RCC.DIVQ1=4
ADC1.Rank-0\#ChannelRegularConversion=1
DAC1.DAC_Channel-DAC_OUT2=DAC_CHANNEL_2
Mcu.PinsNb=17
ProjectManager.NoMain=false
ADC1.IPParameters=Rank-0\#ChannelRegularConversion,Channel-0\#ChannelRegularConversion,SamplingTime-0\#ChannelRegularConversion,OffsetNumber-0\#ChannelRegularConversion,OffsetSignedSaturation-0\#ChannelRegularConversion,NbrOfConversionFlag,master,Resolution
PC13.Locked=true
ADC1.OffsetNumber-0\#ChannelRegularConversion=ADC_OFFSET_NONE
PC13.Signal=GPXTI13
RCC.SWPMI1Freq_Value=64000000
RCC.SAI4BFreq_Value=64000000
PD7.Signal=GPIO_Output
PD1.Signal=FDCAN1_TX
ProjectManager.DefaultFWLocation=true
PD9.Signal=USART3_RX
VP_TIM16_VS_ClockSourceINT.Mode=Enable_Timer
NVIC.TIM16_IRQn=true\:8\:0\:true\:false\:true\:true\:true
PB12.Locked=true
PD1.GPIO_PuPd=GPIO_PULLUP
ProjectManager.DeletePrevious=true
PC0.Signal=ADCx_INP10
PB14.Locked=true
RCC.QSPIFreq_Value=64000000
FDCAN1.IPParameters=DataPrescaler,Mode,RxFifo0ElmtsNbr,TxFifoQueueMode,TxFifoQueueElmtsNbr,DataTimeSeg1,AutoRetransmission,NominalTimeSeg1,NominalTimeSeg2,DataTimeSeg2,NominalPrescaler,DataSyncJumpWidth,NominalSyncJumpWidth,RxFifo1ElmtsNbr
VP_TIM17_VS_ClockSourceINT.Signal=TIM17_VS_ClockSourceINT
RCC.FamilyName=M
NVIC.FDCAN_CAL_IRQn=true\:0\:0\:false\:false\:true\:true\:true
PD0.GPIO_Speed=GPIO_SPEED_FREQ_VERY_HIGH
NVIC.FDCAN2_IT0_IRQn=true\:1\:0\:true\:false\:true\:true\:true
RCC.SPI6Freq_Value=64000000
FDCAN2.NominalTimeSeg1=16
RCC.D1CPREFreq_Value=128000000
FDCAN2.NominalTimeSeg2=16
RCC.USART234578Freq_Value=64000000
RCC.SPI45Freq_Value=64000000
RCC.Tim1OutputFreq_Value=64000000
RCC.SPI123Freq_Value=64000000
ProjectManager.TargetToolchain=SW4STM32
RCC.VCO1OutputFreq_Value=256000000
SH.COMP_DAC11_group.0=DAC1_OUT1,DAC_OUT1
PB7.GPIOParameters=GPIO_Label
FDCAN2.DataTimeSeg1=16
FDCAN2.DataTimeSeg2=16
RCC.AXIClockFreq_Value=64000000
RCC.DIVN1=128
PB13.GPIO_Speed=GPIO_SPEED_FREQ_VERY_HIGH
FDCAN2.NominalPrescaler=32
ProjectManager.RegisterCallBack=
RCC.USBFreq_Value=64000000
PD7.Locked=true
PD8.Mode=Asynchronous
RCC.CKPERFreq_Value=64000000
PB12.GPIO_Speed=GPIO_SPEED_FREQ_VERY_HIGH
ADC1.OffsetSignedSaturation-0\#ChannelRegularConversion=DISABLE
PB14.Signal=GPIO_Output
PD7.PinState=GPIO_PIN_SET
PA5.Signal=COMP_DAC12_group
board=custom
ProjectManager.LastFirmware=true
PD1.Mode=FDCAN_Activate
PB13.GPIO_PuPd=GPIO_PULLUP
RCC.VCOInput1Freq_Value=2000000
FDCAN1.AutoRetransmission=ENABLE
FDCAN2.IPParameters=DataPrescaler,RxFifo0ElmtsNbr,RxFifo1ElmtsNbr,NominalPrescaler,NominalSyncJumpWidth,NominalTimeSeg1,NominalTimeSeg2,DataSyncJumpWidth,DataTimeSeg1,DataTimeSeg2,TxFifoQueueElmtsNbr
TIM16.Period=50
RCC.AHB12Freq_Value=64000000
RCC.APB2Freq_Value=64000000
FDCAN1.RxFifo1ElmtsNbr=4
MxCube.Version=6.1.2
RCC.FDCANFreq_Value=64000000
RCC.RNGFreq_Value=48000000
RCC.ADCFreq_Value=129000000
VP_SYS_VS_Systick.Mode=SysTick
VP_TIM16_VS_ClockSourceINT.Signal=TIM16_VS_ClockSourceINT
NVIC.NonMaskableInt_IRQn=true\:0\:0\:false\:false\:true\:false\:false
ProjectManager.FreePins=false
RCC.IPParameters=ADCFreq_Value,AHB12Freq_Value,AHB4Freq_Value,APB1Freq_Value,APB2Freq_Value,APB3Freq_Value,APB4Freq_Value,AXIClockFreq_Value,CECFreq_Value,CKPERFreq_Value,CortexFreq_Value,CpuClockFreq_Value,D1CPREFreq_Value,DFSDMACLkFreq_Value,DFSDMFreq_Value,DIVN1,DIVP1Freq_Value,DIVP2Freq_Value,DIVP3Freq_Value,DIVQ1,DIVQ1Freq_Value,DIVQ2Freq_Value,DIVQ3Freq_Value,DIVR1Freq_Value,DIVR2Freq_Value,DIVR3Freq_Value,FDCANFreq_Value,FMCFreq_Value,FamilyName,HCLK3ClockFreq_Value,HCLKFreq_Value,HPRE,HRTIMFreq_Value,I2C123Freq_Value,I2C4Freq_Value,LPTIM1Freq_Value,LPTIM2Freq_Value,LPTIM345Freq_Value,LPUART1Freq_Value,LTDCFreq_Value,MCO1PinFreq_Value,MCO2PinFreq_Value,QSPIFreq_Value,RNGFreq_Value,RTCFreq_Value,SAI1Freq_Value,SAI23Freq_Value,SAI4AFreq_Value,SAI4BFreq_Value,SDMMCFreq_Value,SPDIFRXFreq_Value,SPI123Freq_Value,SPI45Freq_Value,SPI6Freq_Value,SWPMI1Freq_Value,SYSCLKFreq_VALUE,SYSCLKSource,Tim1OutputFreq_Value,Tim2OutputFreq_Value,TraceFreq_Value,USART16Freq_Value,USART234578Freq_Value,USBFreq_Value,VCO1OutputFreq_Value,VCO2OutputFreq_Value,VCO3OutputFreq_Value,VCOInput1Freq_Value,VCOInput2Freq_Value,VCOInput3Freq_Value
ProjectManager.AskForMigrate=true
Mcu.Name=STM32H743ZITx
RCC.LPTIM2Freq_Value=64000000
PD0.Mode=FDCAN_Activate
ProjectManager.UnderRoot=true
Mcu.IP8=TIM16
Mcu.IP9=TIM17
Mcu.IP6=RCC
Mcu.IP7=SYS
ProjectManager.CoupleFile=false
FDCAN1.DataPrescaler=32
PA4.Signal=COMP_DAC11_group
FDCAN1.NominalSyncJumpWidth=4
RCC.SYSCLKFreq_VALUE=128000000
RCC.I2C123Freq_Value=64000000
ADC1.master=1
PA3.Locked=true
TIM17.RepetitionCounter=100
NVIC.ForceEnableDMAVector=true
KeepUserPlacement=false
NVIC.MemoryManagement_IRQn=true\:0\:0\:false\:false\:true\:false\:false
ProjectManager.CompilerOptimize=6
ProjectManager.HeapSize=0x200
Mcu.Pin15=VP_TIM16_VS_ClockSourceINT
NVIC.HardFault_IRQn=true\:0\:0\:false\:false\:true\:false\:false
Mcu.Pin16=VP_TIM17_VS_ClockSourceINT
PD0.GPIO_PuPd=GPIO_PULLUP
Mcu.Pin13=PB7
Mcu.Pin14=VP_SYS_VS_Systick
RCC.LPTIM345Freq_Value=64000000
ProjectManager.ComputerToolchain=false
RCC.LTDCFreq_Value=129000000
RCC.SAI4AFreq_Value=64000000
NVIC.PriorityGroup=NVIC_PRIORITYGROUP_4
ADC1.NbrOfConversionFlag=1
FDCAN2.TxFifoQueueElmtsNbr=2
Mcu.Pin11=PD1
Mcu.Pin12=PD7
PD0.GPIOParameters=GPIO_Speed,GPIO_PuPd
Mcu.Pin10=PD0
PB7.Locked=true
RCC.DIVQ1Freq_Value=64000000
TIM16.IPParameters=Prescaler,Period,RepetitionCounter
RCC.HCLK3ClockFreq_Value=64000000
PB12.GPIO_PuPd=GPIO_PULLUP
RCC.VCOInput2Freq_Value=2000000
PD9.Locked=true
RCC.APB1Freq_Value=64000000
PD1.Locked=true
PD7.GPIO_ModeDefaultOutputPP=GPIO_MODE_OUTPUT_OD
PC0.Locked=true
FDCAN1.TxFifoQueueElmtsNbr=2
ProjectManager.DeviceId=STM32H743ZITx
PB12.GPIOParameters=GPIO_Speed,GPIO_PuPd
PB12.Signal=FDCAN2_RX
PD7.GPIOParameters=PinState,GPIO_Label,GPIO_ModeDefaultOutputPP
ProjectManager.LibraryCopy=1
PA3.GPIO_Label=A0
